# @generated - this file is auto-generated by `mise lock` https://mise.jdx.dev/dev-tools/mise-lock.html

[[tools.vendir]]
version = "0.46.1"
backend = "aqua:carvel-dev/vendir"

[tools.vendir."platforms.linux-x64"]
checksum = "sha256:96318c8f2f6ed8b0853b5fac50e22e400af6d8fb2699835e5a8b1663db65c6a9"
url = "https://github.com/carvel-dev/vendir/releases/download/v0.46.1/vendir-linux-amd64"
url_api = "https://api.github.com/repos/carvel-dev/vendir/releases/assets/528793585"

[tools.vendir."platforms.macos-arm64"]
checksum = "sha256:b0ed7ffa337b4964e5a0b865b786e97b75e7777fb4a289f06193671b81e320a9"
url = "https://github.com/carvel-dev/vendir/releases/download/v0.46.1/vendir-darwin-arm64"
url_api = "https://api.github.com/repos/carvel-dev/vendir/releases/assets/528793587"
