apiVersion: vendir.k14s.io/v1alpha1
directories:
- contents:
  - git:
      commitTitle: 'chore(version): v0.4.0 [skip ci]'
      sha: 1173f5614bc6dda43548c1916cc9e1e0f451a513
      tags:
      - v0.4.0
    path: .
  path: .config/mise/conf.d
- contents:
  - git:
      commitTitle: 'chore(version): v0.4.0 [skip ci]'
      sha: 1173f5614bc6dda43548c1916cc9e1e0f451a513
      tags:
      - v0.4.0
    path: .
  path: .repotools
kind: LockConfig
