apiVersion: vendir.k14s.io/v1alpha1
directories:
- contents:
  - git:
      commitTitle: 'chore(version): v0.8.0 [skip ci]'
      sha: 7afd9b223004dca83b415e7871ad63f2a9e1917f
      tags:
      - v0.8.0
    path: .
  path: .config/mise/conf.d
- contents:
  - git:
      commitTitle: 'chore(version): v0.8.0 [skip ci]'
      sha: 7afd9b223004dca83b415e7871ad63f2a9e1917f
      tags:
      - v0.8.0
    path: .
  path: .repotools
kind: LockConfig
