apiVersion: vendir.k14s.io/v1alpha1
directories:
- contents:
  - git:
      commitTitle: 'chore(version): v0.6.0 [skip ci]'
      sha: 01bd1c6e2c0bed9bf75285728669b48b6bcce9be
      tags:
      - v0.6.0
    path: .
  path: .config/mise/conf.d
- contents:
  - git:
      commitTitle: 'chore(version): v0.6.0 [skip ci]'
      sha: 01bd1c6e2c0bed9bf75285728669b48b6bcce9be
      tags:
      - v0.6.0
    path: .
  path: .repotools
kind: LockConfig
